
Microsoft Visual Studio Solution File, Format Version 12.00
# Visual Studio Version 17
VisualStudioVersion = 17.4.33213.308
MinimumVisualStudioVersion = 10.0.40219.1
Project("{FAE04EC0-301F-11D3-BF4B-00C04F79EFBC}") = "modul2_1302190044", "modul2_1302190044.csproj", "{A18C7B63-D204-47D2-A3FB-33AA76AEAC99}"
EndProject
Global
	GlobalSection(SolutionConfigurationPlatforms) = preSolution
		Debug|Any CPU = Debug|Any CPU
		Release|Any CPU = Release|Any CPU
	EndGlobalSection
	GlobalSection(ProjectConfigurationPlatforms) = postSolution
		{A18C7B63-D204-47D2-A3FB-33AA76AEAC99}.Debug|Any CPU.ActiveCfg = Debug|Any CPU
		{A18C7B63-D204-47D2-A3FB-33AA76AEAC99}.Debug|Any CPU.Build.0 = Debug|Any CPU
		{A18C7B63-D204-47D2-A3FB-33AA76AEAC99}.Release|Any CPU.ActiveCfg = Release|Any CPU
		{A18C7B63-D204-47D2-A3FB-33AA76AEAC99}.Release|Any CPU.Build.0 = Release|Any CPU
	EndGlobalSection
	GlobalSection(SolutionProperties) = preSolution
		HideSolutionNode = FALSE
	EndGlobalSection
	GlobalSection(ExtensibilityGlobals) = postSolution
		SolutionGuid = {90F20E78-FC7E-447B-91BB-B169DC81BFFC}
	EndGlobalSection
EndGlobal
